# THIS IS AN AUTOGENERATED FILE. DO NOT EDIT THIS FILE DIRECTLY.
# yarn lockfile v1


ws@^7.4.4:
  version "7.4.4"
  resolved "https://registry.yarnpkg.com/ws/-/ws-7.4.4.tgz#383bc9742cb202292c9077ceab6f6047b17f2d59"
  integrity sha512-Qm8k8ojNQIMx7S+Zp8u/uHOx7Qazv3Yv4q68MiWWWOJhiwG5W3x7iqmRtJo8xxrciZUY4vRxUTJCKuRnF28ZZw==
